[[package]]
name = "casadi"
version = "3.5.5"
description = "CasADi -- framework for algorithmic differentiation and numeric optimization"
category = "main"
optional = false
python-versions = "*"

[[package]]
name = "contourpy"
version = "1.0.5"
description = "Python library for calculating contours of 2D quadrilateral grids"
category = "main"
optional = false
python-versions = ">=3.7"

[package.dependencies]
numpy = ">=1.16"

[package.extras]
test-no-codebase = ["pillow", "matplotlib", "pytest"]
test-minimal = ["pytest"]
test = ["isort", "flake8", "pillow", "matplotlib", "pytest"]
docs = ["sphinx-rtd-theme", "sphinx", "docutils (<0.18)"]
bokeh = ["selenium", "bokeh"]

[[package]]
name = "cycler"
version = "0.11.0"
description = "Composable style cycles"
category = "main"
optional = false
python-versions = ">=3.6"

[[package]]
name = "fonttools"
version = "4.37.4"
description = "Tools to manipulate font files"
category = "main"
optional = false
python-versions = ">=3.7"

[package.extras]
all = ["fs (>=2.2.0,<3)", "lxml (>=4.0,<5)", "zopfli (>=0.1.4)", "lz4 (>=1.7.4.2)", "matplotlib", "sympy", "skia-pathops (>=0.5.0)", "uharfbuzz (>=0.23.0)", "brotlicffi (>=0.8.0)", "scipy", "brotli (>=1.0.1)", "munkres", "unicodedata2 (>=14.0.0)", "xattr"]
graphite = ["lz4 (>=1.7.4.2)"]
interpolatable = ["scipy", "munkres"]
lxml = ["lxml (>=4.0,<5)"]
pathops = ["skia-pathops (>=0.5.0)"]
plot = ["matplotlib"]
repacker = ["uharfbuzz (>=0.23.0)"]
symfont = ["sympy"]
type1 = ["xattr"]
ufo = ["fs (>=2.2.0,<3)"]
unicode = ["unicodedata2 (>=14.0.0)"]
woff = ["zopfli (>=0.1.4)", "brotlicffi (>=0.8.0)", "brotli (>=1.0.1)"]

[[package]]
name = "kiwisolver"
version = "1.4.4"
description = "A fast implementation of the Cassowary constraint solver"
category = "main"
optional = false
python-versions = ">=3.7"

[[package]]
name = "matplotlib"
version = "3.6.1"
description = "Python plotting package"
category = "main"
optional = false
python-versions = ">=3.8"

[package.dependencies]
contourpy = ">=1.0.1"
cycler = ">=0.10"
fonttools = ">=4.22.0"
kiwisolver = ">=1.0.1"
numpy = ">=1.19"
packaging = ">=20.0"
pillow = ">=6.2.0"
pyparsing = ">=2.2.1"
python-dateutil = ">=2.7"
setuptools_scm = ">=7"

[[package]]
name = "numpy"
version = "1.22.4"
description = "NumPy is the fundamental package for array computing with Python."
category = "main"
optional = false
python-versions = ">=3.8"

[[package]]
name = "packaging"
version = "21.3"
description = "Core utilities for Python packages"
category = "main"
optional = false
python-versions = ">=3.6"

[package.dependencies]
pyparsing = ">=2.0.2,<3.0.5 || >3.0.5"

[[package]]
name = "pillow"
version = "9.2.0"
description = "Python Imaging Library (Fork)"
category = "main"
optional = false
python-versions = ">=3.7"

[package.extras]
docs = ["furo", "olefile", "sphinx (>=2.4)", "sphinx-copybutton", "sphinx-issues (>=3.0.1)", "sphinx-removed-in", "sphinxext-opengraph"]
tests = ["check-manifest", "coverage", "defusedxml", "markdown2", "olefile", "packaging", "pyroma", "pytest", "pytest-cov", "pytest-timeout"]

[[package]]
name = "pyparsing"
version = "3.0.9"
description = "pyparsing module - Classes and methods to define and execute parsing grammars"
category = "main"
optional = false
python-versions = ">=3.6.8"

[package.extras]
diagrams = ["railroad-diagrams", "jinja2"]

[[package]]
name = "python-dateutil"
version = "2.8.2"
description = "Extensions to the standard Python datetime module"
category = "main"
optional = false
python-versions = "!=3.0.*,!=3.1.*,!=3.2.*,>=2.7"

[package.dependencies]
six = ">=1.5"

[[package]]
name = "pyyaml"
version = "5.4.1"
description = "YAML parser and emitter for Python"
category = "main"
optional = false
python-versions = ">=2.7, !=3.0.*, !=3.1.*, !=3.2.*, !=3.3.*, !=3.4.*, !=3.5.*"

[[package]]
name = "setuptools-scm"
version = "7.0.5"
description = "the blessed package to manage your versions by scm tags"
category = "main"
optional = false
python-versions = ">=3.7"

[package.dependencies]
packaging = ">=20.0"
tomli = ">=1.0.0"
typing-extensions = "*"

[package.extras]
test = ["pytest (>=6.2)", "virtualenv (>20)"]
toml = ["setuptools (>=42)"]

[[package]]
name = "six"
version = "1.16.0"
description = "Python 2 and 3 compatibility utilities"
category = "main"
optional = false
python-versions = ">=2.7, !=3.0.*, !=3.1.*, !=3.2.*"

[[package]]
name = "tomli"
version = "2.0.1"
description = "A lil' TOML parser"
category = "main"
optional = false
python-versions = ">=3.7"

[[package]]
name = "typing-extensions"
version = "4.4.0"
description = "Backported and Experimental Type Hints for Python 3.7+"
category = "main"
optional = false
python-versions = ">=3.7"

[metadata]
lock-version = "1.1"
python-versions = "^3.8,<3.10"
content-hash = "26fe463d2a2c5574c94ef4d74a46248c999bfa9d8801e216b99a5e9ce458bc50"

[metadata.files]
casadi = [
    {file = "casadi-3.5.5-cp27-none-macosx_10_13_x86_64.macosx_10_13_intel.whl", hash = "sha256:d4e49cb46404cef61f83b30bb20ec9597c50ae7f55cfd6b89c17facc74675437"},
    {file = "casadi-3.5.5-cp27-none-manylinux1_i686.whl", hash = "sha256:f08a99e98b0a15083f06b1e221f064a29b3ed9e20617dc55aa8e823f2f732ace"},
    {file = "casadi-3.5.5-cp27-none-manylinux1_x86_64.whl", hash = "sha256:09e103bb597d46aa338fc57bc49270068a1f07be35f9494c9f796dea4b801aeb"},
    {file = "casadi-3.5.5-cp27-none-win32.whl", hash = "sha256:a4ce51e988570160af9ccfbbb1b9679546cbb1865d3a74ef0276f37fd94d91d9"},
    {file = "casadi-3.5.5-cp27-none-win_amd64.whl", hash = "sha256:54d89442058271007ae8573dfa33360bea10e26603545481090b45e8b90c9d10"},
    {file = "casadi-3.5.5-cp34-none-manylinux1_x86_64.whl", hash = "sha256:4143803af909f284400c02f59de4d97e5ba9319de28366215ef55ef261914f9a"},
    {file = "casadi-3.5.5-cp34-none-win32.whl", hash = "sha256:7a624d40c7b5ded7916f6cc65998af4585b4557c9ea65dc1e3a6273ebb2313ec"},
    {file = "casadi-3.5.5-cp34-none-win_amd64.whl", hash = "sha256:3aec6737c282e7fb5be41f6c7d0649e52ce49efb3508f30bada707e809bbbb5f"},
    {file = "casadi-3.5.5-cp35-none-macosx_10_13_x86_64.macosx_10_13_intel.whl", hash = "sha256:6192e2ed81c15a7dab2554f5f69b134df8d1a982f8d9f13e57bdef93364d2120"},
    {file = "casadi-3.5.5-cp35-none-manylinux1_i686.whl", hash = "sha256:49a8b713f0ff0bbc2f2af2e71c515cdced238786e25ef504f5982618c84c67a7"},
    {file = "casadi-3.5.5-cp35-none-manylinux1_x86_64.whl", hash = "sha256:13277151efc76b221de8ca6b5ab7b8bbdd2b0e139f282866840adf88dfe53bc9"},
    {file = "casadi-3.5.5-cp35-none-manylinux2014_aarch64.whl", hash = "sha256:253569c85f881a6a8fe5e1c0758858edb1ecb4c3d8bce4aee4b52e5dc59fc091"},
    {file = "casadi-3.5.5-cp35-none-win32.whl", hash = "sha256:5de5c3c1381ac303e71fdef75dace34af6e1d50b46ac081051cd209b8b933837"},
    {file = "casadi-3.5.5-cp35-none-win_amd64.whl", hash = "sha256:4932b2b5361013420189dbc8d30e970672d036b37cb382f1c09c3b6cfe651a37"},
    {file = "casadi-3.5.5-cp36-none-macosx_10_13_x86_64.macosx_10_13_intel.whl", hash = "sha256:2322748a8d5e88750fd2fc0abcdc56cfbad1a8cd538fe0e7d7b6d8ce0cb3fa62"},
    {file = "casadi-3.5.5-cp36-none-manylinux1_i686.whl", hash = "sha256:ab6a600a9b2ea27453d56fd4464ad0db0ae69f5cea42595fcbdaabcd40396440"},
    {file = "casadi-3.5.5-cp36-none-manylinux1_x86_64.whl", hash = "sha256:5f6eb8de31735c14ecc777e3ad77b57767b5f2dbea29265909ef696f51e8be92"},
    {file = "casadi-3.5.5-cp36-none-manylinux2014_aarch64.whl", hash = "sha256:adf20c34ba2cec1840a026023d93cc6d9b3581dfda6a044f434fc75b50c9a2ce"},
    {file = "casadi-3.5.5-cp36-none-win32.whl", hash = "sha256:7309a75b27c57f09b00a61815fb38c40da8e62e3004598e55ea1b8f713d96221"},
    {file = "casadi-3.5.5-cp36-none-win_amd64.whl", hash = "sha256:ab85c7cf772ba54f2718ebe366b836fffff868443f7c0c02389ed0a288cbde1f"},
    {file = "casadi-3.5.5-cp37-none-macosx_10_13_x86_64.macosx_10_13_intel.whl", hash = "sha256:ec26244f9d9047f1bb401f1b86ff4775e1ddf638f4b4992bbc362a27a6f56673"},
    {file = "casadi-3.5.5-cp37-none-manylinux1_i686.whl", hash = "sha256:1c451a07b2440c00d552e040b6285b6e79b677d2978212368b28b86f5d267669"},
    {file = "casadi-3.5.5-cp37-none-manylinux1_x86_64.whl", hash = "sha256:24fbac649ee26572884029dcd0e108b4a2412cad003a84ed915c4e44a94ecae7"},
    {file = "casadi-3.5.5-cp37-none-manylinux2014_aarch64.whl", hash = "sha256:a06c0b96eb9d3bc88c627eec6e465726934ca0394347dc33efc742b8c91db83d"},
    {file = "casadi-3.5.5-cp37-none-win32.whl", hash = "sha256:36db4c84d8f3aad328faaeaeaa454a633c95a854d78ea188791b147888379342"},
    {file = "casadi-3.5.5-cp37-none-win_amd64.whl", hash = "sha256:643e48f92eaf65eb82964816bb7e7064ddb8239959210fa6168e8bce6fe6ef94"},
    {file = "casadi-3.5.5-cp38-none-macosx_10_13_x86_64.macosx_10_13_intel.whl", hash = "sha256:6ce7ac8a301a145f98d46db0bfd13bc8b3831a5bb92e8054d531a1f233bb4b93"},
    {file = "casadi-3.5.5-cp38-none-manylinux1_i686.whl", hash = "sha256:473bb86fa64ac9703d74a474514703b4665fa9a384221ced620b5025e64532a7"},
    {file = "casadi-3.5.5-cp38-none-manylinux1_x86_64.whl", hash = "sha256:292e2768280393bad406256e0ef9c30ddcd4867dbd42148b36f9d92a32d9e199"},
    {file = "casadi-3.5.5-cp38-none-manylinux2014_aarch64.whl", hash = "sha256:353a79e50aa84ac5e0d9f04bc3b2d78a2cc8edae3b842d757756449682778944"},
    {file = "casadi-3.5.5-cp38-none-win32.whl", hash = "sha256:77f33cb95be6a49b93d8d6b81f05193676ae09857699cedf8f1a14a4285d077e"},
    {file = "casadi-3.5.5-cp38-none-win_amd64.whl", hash = "sha256:fbf39dcd63f1d3b63c300fce59b7ea678bd5ea1d014e1e090a5226600a4132cb"},
    {file = "casadi-3.5.5-cp39-none-macosx_10_13_x86_64.macosx_10_13_intel.whl", hash = "sha256:4086669280b2335d235c664373db46dcd7f6485dba4663ce1944ea01753c5e8b"},
    {file = "casadi-3.5.5-cp39-none-manylinux1_i686.whl", hash = "sha256:c3440c90c31b61ae1df82f6c784643393f723354dc08013f9d5cedf25507c67c"},
    {file = "casadi-3.5.5-cp39-none-manylinux1_x86_64.whl", hash = "sha256:bd94048388b602fc30fdac2fecb986c034110ed8d2d17af7fd13b0de45c58bd7"},
    {file = "casadi-3.5.5-cp39-none-manylinux2014_aarch64.whl", hash = "sha256:cd630a2e6ec6df6a4977af63080fa8d63a0053ff8c06ea0200959b47ae75201c"},
    {file = "casadi-3.5.5-cp39-none-win32.whl", hash = "sha256:ac45b91616e9b8afbe266ca08e80770b28e9e6d7a5852e3677fb37e42bde2047"},
    {file = "casadi-3.5.5-cp39-none-win_amd64.whl", hash = "sha256:55df534d003efdd120c4ebfeb6b252c443d273cdc4b97a394eb0268367477795"},
]
contourpy = []
cycler = [
    {file = "cycler-0.11.0-py3-none-any.whl", hash = "sha256:3a27e95f763a428a739d2add979fa7494c912a32c17c4c38c4d5f082cad165a3"},
    {file = "cycler-0.11.0.tar.gz", hash = "sha256:9c87405839a19696e837b3b818fed3f5f69f16f1eec1a1ad77e043dcea9c772f"},
]
fonttools = []
kiwisolver = []
matplotlib = []
numpy = []
packaging = [
    {file = "packaging-21.3-py3-none-any.whl", hash = "sha256:ef103e05f519cdc783ae24ea4e2e0f508a9c99b2d4969652eed6a2e1ea5bd522"},
    {file = "packaging-21.3.tar.gz", hash = "sha256:dd47c42927d89ab911e606518907cc2d3a1f38bbd026385970643f9c5b8ecfeb"},
]
pillow = []
pyparsing = []
python-dateutil = [
    {file = "python-dateutil-2.8.2.tar.gz", hash = "sha256:0123cacc1627ae19ddf3c27a5de5bd67ee4586fbdd6440d9748f8abb483d3e86"},
    {file = "python_dateutil-2.8.2-py2.py3-none-any.whl", hash = "sha256:961d03dc3453ebbc59dbdea9e4e11c5651520a876d0f4db161e8674aae935da9"},
]
pyyaml = []
setuptools-scm = []
six = [
    {file = "six-1.16.0-py2.py3-none-any.whl", hash = "sha256:8abb2f1d86890a2dfb989f9a77cfcfd3e47c2a354b01111771326f8aa26e0254"},
    {file = "six-1.16.0.tar.gz", hash = "sha256:1e61c37477a1626458e36f7b1d82aa5c9b094fa4802892072e49de9c60c4c926"},
]
tomli = []
typing-extensions = []
